{
  "originHash" : "269a873348a1d96e93dbedb5903616c530cbc0b3d4ac21722d8b69f7b87aee9b",
  "pins" : [
    {
      "identity" : "swiftlintplugins",
      "kind" : "remoteSourceControl",
      "location" : "https://github.com/SimplyDanny/SwiftLintPlugins",
      "state" : {
        "revision" : "8545ddf4de043e6f2051c5cf204f39ef778ebf6b",
        "version" : "0.59.1"
      }
    },
    {
      "identity" : "swiftstate",
      "kind" : "remoteSourceControl",
      "location" : "https://github.com/ReactKit/SwiftState",
      "state" : {
        "revision" : "887e75b96da6be36a062e1b0ef832c32a803348b",
        "version" : "6.0.1"
      }
    }
  ],
  "version" : 3
}
