{
  "originHash" : "0e84c08830f7a68f338abf1b5003002d00b7000b8cece29081f5deb08a3eb706",
  "pins" : [
    {
      "identity" : "swiftstate",
      "kind" : "remoteSourceControl",
      "location" : "https://github.com/ReactKit/SwiftState",
      "state" : {
        "revision" : "887e75b96da6be36a062e1b0ef832c32a803348b",
        "version" : "6.0.1"
      }
    }
  ],
  "version" : 3
}
